
Microsoft Visual Studio Solution File, Format Version 12.00
# Visual Studio Version 16
VisualStudioVersion = 16.0.30907.101
MinimumVisualStudioVersion = 10.0.40219.1
Project("{FAE04EC0-301F-11D3-BF4B-00C04F79EFBC}") = "DailyTaskTimeTracker", "DailyTaskTimeTracker\DailyTaskTimeTracker\DailyTaskTimeTracker.csproj", "{018C3023-7E6D-47BF-AA05-3BE628C764D5}"
EndProject
Project("{FAE04EC0-301F-11D3-BF4B-00C04F79EFBC}") = "DailyTaskTimeTracker.Android", "DailyTaskTimeTracker\DailyTaskTimeTracker.Android\DailyTaskTimeTracker.Android.csproj", "{629CFC7A-4629-488F-8BC0-E5F9637B4D3B}"
EndProject
Global
	GlobalSection(SolutionConfigurationPlatforms) = preSolution
		Debug|Any CPU = Debug|Any CPU
		Release|Any CPU = Release|Any CPU
	EndGlobalSection
	GlobalSection(ProjectConfigurationPlatforms) = postSolution
		{018C3023-7E6D-47BF-AA05-3BE628C764D5}.Debug|Any CPU.ActiveCfg = Debug|Any CPU
		{018C3023-7E6D-47BF-AA05-3BE628C764D5}.Debug|Any CPU.Build.0 = Debug|Any CPU
		{018C3023-7E6D-47BF-AA05-3BE628C764D5}.Release|Any CPU.ActiveCfg = Release|Any CPU
		{018C3023-7E6D-47BF-AA05-3BE628C764D5}.Release|Any CPU.Build.0 = Release|Any CPU
		{629CFC7A-4629-488F-8BC0-E5F9637B4D3B}.Debug|Any CPU.ActiveCfg = Debug|Any CPU
		{629CFC7A-4629-488F-8BC0-E5F9637B4D3B}.Debug|Any CPU.Build.0 = Debug|Any CPU
		{629CFC7A-4629-488F-8BC0-E5F9637B4D3B}.Debug|Any CPU.Deploy.0 = Debug|Any CPU
		{629CFC7A-4629-488F-8BC0-E5F9637B4D3B}.Release|Any CPU.ActiveCfg = Release|Any CPU
		{629CFC7A-4629-488F-8BC0-E5F9637B4D3B}.Release|Any CPU.Build.0 = Release|Any CPU
		{629CFC7A-4629-488F-8BC0-E5F9637B4D3B}.Release|Any CPU.Deploy.0 = Release|Any CPU
	EndGlobalSection
	GlobalSection(SolutionProperties) = preSolution
		HideSolutionNode = FALSE
	EndGlobalSection
	GlobalSection(ExtensibilityGlobals) = postSolution
		SolutionGuid = {F3F8BBC0-44A6-4F3B-A397-E6B1C9979E3C}
	EndGlobalSection
EndGlobal
